# This file is automatically @generated by Cargo.
# It is not intended for manual editing.
version = 4

[[package]]
name = "ahash"
version = "0.8.8"
source = "registry+https://github.com/rust-lang/crates.io-index"
checksum = "42cd52102d3df161c77a887b608d7a4897d7cc112886a9537b738a887a03aaff"
dependencies = [
 "cfg-if 1.0.0",
 "once_cell",
 "version_check",
 "zerocopy",
]

[[package]]
name = "allocator-api2"
version = "0.2.9"
source = "registry+https://github.com/rust-lang/crates.io-index"
checksum = "d52f4a9cf8f3ff707b4eb1acd0136efd8b3bec6b345ed32fcab47c0a5c99b800"

[[package]]
name = "ark-bls12-381"
version = "0.5.0"
source = "registry+https://github.com/rust-lang/crates.io-index"
checksum = "3df4dcc01ff89867cd86b0da835f23c3f02738353aaee7dde7495af71363b8d5"
dependencies = [
 "ark-ec",
 "ark-ff",
 "ark-serialize",
 "ark-std",
]

[[package]]
name = "ark-ec"
version = "0.5.0"
source = "registry+https://github.com/rust-lang/crates.io-index"
checksum = "43d68f2d516162846c1238e755a7c4d131b892b70cc70c471a8e3ca3ed818fce"
dependencies = [
 "ahash",
 "ark-ff",
 "ark-poly",
 "ark-serialize",
 "ark-std",
 "educe",
 "fnv",
 "hashbrown 0.15.0",
 "itertools",
 "num-bigint",
 "num-integer",
 "num-traits",
 "rayon",
 "zeroize",
]

[[package]]
name = "ark-ff"
version = "0.5.0"
source = "registry+https://github.com/rust-lang/crates.io-index"
checksum = "a177aba0ed1e0fbb62aa9f6d0502e9b46dad8c2eab04c14258a1212d2557ea70"
dependencies = [
 "ark-ff-asm",
 "ark-ff-macros",
 "ark-serialize",
 "ark-std",
 "arrayvec",
 "digest",
 "educe",
 "itertools",
 "num-bigint",
 "num-traits",
 "paste",
 "rayon",
 "zeroize",
]

[[package]]
name = "ark-ff-asm"
version = "0.5.0"
source = "registry+https://github.com/rust-lang/crates.io-index"
checksum = "62945a2f7e6de02a31fe400aa489f0e0f5b2502e69f95f853adb82a96c7a6b60"
dependencies = [
 "quote",
 "syn 2.0.46",
]

[[package]]
name = "ark-ff-macros"
version = "0.5.0"
source = "registry+https://github.com/rust-lang/crates.io-index"
checksum = "09be120733ee33f7693ceaa202ca41accd5653b779563608f1234f78ae07c4b3"
dependencies = [
 "num-bigint",
 "num-traits",
 "proc-macro2",
 "quote",
 "syn 2.0.46",
]

[[package]]
name = "ark-poly"
version = "0.5.0"
source = "registry+https://github.com/rust-lang/crates.io-index"
checksum = "579305839da207f02b89cd1679e50e67b4331e2f9294a57693e5051b7703fe27"
dependencies = [
 "ahash",
 "ark-ff",
 "ark-serialize",
 "ark-std",
 "educe",
 "fnv",
 "hashbrown 0.15.0",
]

[[package]]
name = "ark-serialize"
version = "0.5.0"
source = "registry+https://github.com/rust-lang/crates.io-index"
checksum = "3f4d068aaf107ebcd7dfb52bc748f8030e0fc930ac8e360146ca54c1203088f7"
dependencies = [
 "ark-serialize-derive",
 "ark-std",
 "arrayvec",
 "digest",
 "num-bigint",
 "rayon",
]

[[package]]
name = "ark-serialize-derive"
version = "0.5.0"
source = "registry+https://github.com/rust-lang/crates.io-index"
checksum = "213888f660fddcca0d257e88e54ac05bca01885f258ccdf695bafd77031bb69d"
dependencies = [
 "proc-macro2",
 "quote",
 "syn 2.0.46",
]

[[package]]
name = "ark-std"
version = "0.5.0"
source = "registry+https://github.com/rust-lang/crates.io-index"
checksum = "246a225cc6131e9ee4f24619af0f19d67761fff15d7ccc22e42b80846e69449a"
dependencies = [
 "num-traits",
 "rand",
 "rayon",
]

[[package]]
name = "arrayvec"
version = "0.7.0"
source = "registry+https://github.com/rust-lang/crates.io-index"
checksum = "5a2f58b0bb10c380af2b26e57212856b8c9a59e0925b4c20f4a174a49734eaf7"

[[package]]
name = "autocfg"
version = "1.0.0"
source = "registry+https://github.com/rust-lang/crates.io-index"
checksum = "f8aac770f1885fd7e387acedd76065302551364496e46b3dd00860b2f8359b9d"

[[package]]
name = "base16ct"
version = "0.2.0"
source = "registry+https://github.com/rust-lang/crates.io-index"
checksum = "4c7f02d4ea65f2c1853089ffd8d2787bdbc63de2f0d29dedbcf8ccdfa0ccd4cf"

[[package]]
name = "base64"
version = "0.22.0"
source = "registry+https://github.com/rust-lang/crates.io-index"
checksum = "9475866fec1451be56a3c2400fd081ff546538961565ccb5b7142cbd22bc7a51"

[[package]]
name = "bech32"
version = "0.11.0"
source = "registry+https://github.com/rust-lang/crates.io-index"
checksum = "d965446196e3b7decd44aa7ee49e31d630118f90ef12f97900f262eb915c951d"

[[package]]
name = "block-buffer"
version = "0.10.1"
source = "registry+https://github.com/rust-lang/crates.io-index"
checksum = "03588e54c62ae6d763e2a80090d50353b785795361b4ff5b3bf0a5097fc31c0b"
dependencies = [
 "generic-array",
]

[[package]]
name = "bnum"
version = "0.11.0"
source = "registry+https://github.com/rust-lang/crates.io-index"
checksum = "3e31ea183f6ee62ac8b8a8cf7feddd766317adfb13ff469de57ce033efd6a790"

[[package]]
name = "byteorder"
version = "1.4.3"
source = "registry+https://github.com/rust-lang/crates.io-index"
checksum = "14c189c53d098945499cdfa7ecc63567cf3886b3332b312a5b4585d8d3a6a610"

[[package]]
name = "cfg-if"
version = "0.1.2"
source = "registry+https://github.com/rust-lang/crates.io-index"
checksum = "d4c819a1287eb618df47cc647173c5c4c66ba19d888a6e50d605672aed3140de"

[[package]]
name = "cfg-if"
version = "1.0.0"
source = "registry+https://github.com/rust-lang/crates.io-index"
checksum = "baf1de4339761588bc0619e3cbc0120ee582ebb74b53b4efbf79117bd2da40fd"

[[package]]
name = "const-oid"
version = "0.9.2"
source = "registry+https://github.com/rust-lang/crates.io-index"
checksum = "520fbf3c07483f94e3e3ca9d0cfd913d7718ef2483d2cfd91c0d9e91474ab913"

[[package]]
name = "cosmwasm-core"
version = "3.0.0-rc.0"

[[package]]
name = "cosmwasm-crypto"
version = "3.0.0-rc.0"
dependencies = [
 "ahash",
 "ark-bls12-381",
 "ark-ec",
 "ark-ff",
 "ark-serialize",
 "cosmwasm-core",
 "curve25519-dalek",
 "digest",
 "ecdsa",
 "ed25519-zebra",
 "enum-ordinalize",
 "k256",
 "num-bigint",
 "num-traits",
 "p256",
 "rand_core",
 "rayon",
 "sha2",
 "thiserror",
]

[[package]]
name = "cosmwasm-derive"
version = "3.0.0-rc.0"
dependencies = [
 "proc-macro2",
 "quote",
 "syn 2.0.46",
]

[[package]]
name = "cosmwasm-schema"
version = "3.0.0-rc.0"
dependencies = [
 "cosmwasm-schema-derive",
 "schemars",
 "serde",
 "serde_json",
 "thiserror",
]

[[package]]
name = "cosmwasm-schema-derive"
version = "3.0.0-rc.0"
dependencies = [
 "proc-macro2",
 "quote",
 "syn 2.0.46",
]

[[package]]
name = "cosmwasm-std"
version = "3.0.0-rc.0"
dependencies = [
 "base64",
 "bech32",
 "bnum",
 "cosmwasm-core",
 "cosmwasm-crypto",
 "cosmwasm-derive",
 "derive_more",
 "hex",
 "rand_core",
 "rmp-serde",
 "schemars",
 "serde",
 "serde_json",
 "sha2",
 "static_assertions",
 "thiserror",
]

[[package]]
name = "cpufeatures"
version = "0.2.6"
source = "registry+https://github.com/rust-lang/crates.io-index"
checksum = "280a9f2d8b3a38871a3c8a46fb80db65e5e5ed97da80c4d08bf27fb63e35e181"
dependencies = [
 "libc",
]

[[package]]
name = "crossbeam-deque"
version = "0.8.1"
source = "registry+https://github.com/rust-lang/crates.io-index"
checksum = "6455c0ca19f0d2fbf751b908d5c55c1f5cbc65e03c4225427254b46890bdde1e"
dependencies = [
 "cfg-if 1.0.0",
 "crossbeam-epoch",
 "crossbeam-utils",
]

[[package]]
name = "crossbeam-epoch"
version = "0.9.5"
source = "registry+https://github.com/rust-lang/crates.io-index"
checksum = "4ec02e091aa634e2c3ada4a392989e7c3116673ef0ac5b72232439094d73b7fd"
dependencies = [
 "cfg-if 1.0.0",
 "crossbeam-utils",
 "lazy_static",
 "memoffset",
 "scopeguard",
]

[[package]]
name = "crossbeam-utils"
version = "0.8.7"
source = "registry+https://github.com/rust-lang/crates.io-index"
checksum = "b5e5bed1f1c269533fa816a0a5492b3545209a205ca1a54842be180eb63a16a6"
dependencies = [
 "cfg-if 1.0.0",
 "lazy_static",
]

[[package]]
name = "crypto-bigint"
version = "0.5.0"
source = "registry+https://github.com/rust-lang/crates.io-index"
checksum = "071c0f5945634bc9ba7a452f492377dd6b1993665ddb58f28704119b32f07a9a"
dependencies = [
 "generic-array",
 "rand_core",
 "subtle",
 "zeroize",
]

[[package]]
name = "crypto-common"
version = "0.1.3"
source = "registry+https://github.com/rust-lang/crates.io-index"
checksum = "57952ca27b5e3606ff4dd79b0020231aaf9d6aa76dc05fd30137538c50bd3ce8"
dependencies = [
 "generic-array",
 "typenum",
]

[[package]]
name = "curve25519-dalek"
version = "4.1.3"
source = "registry+https://github.com/rust-lang/crates.io-index"
checksum = "97fb8b7c4503de7d6ae7b42ab72a5a59857b4c937ec27a3d4539dba95b5ab2be"
dependencies = [
 "cfg-if 1.0.0",
 "cpufeatures",
 "curve25519-dalek-derive",
 "digest",
 "fiat-crypto",
 "rustc_version",
 "subtle",
 "zeroize",
]

[[package]]
name = "curve25519-dalek-derive"
version = "0.1.0"
source = "registry+https://github.com/rust-lang/crates.io-index"
checksum = "83fdaf97f4804dcebfa5862639bc9ce4121e82140bec2a987ac5140294865b5b"
dependencies = [
 "proc-macro2",
 "quote",
 "syn 2.0.46",
]

[[package]]
name = "der"
version = "0.7.1"
source = "registry+https://github.com/rust-lang/crates.io-index"
checksum = "bc906908ea6458456e5eaa160a9c08543ec3d1e6f71e2235cedd660cb65f9df0"
dependencies = [
 "const-oid",
 "zeroize",
]

[[package]]
name = "derive_more"
version = "2.0.1"
source = "registry+https://github.com/rust-lang/crates.io-index"
checksum = "093242cf7570c207c83073cf82f79706fe7b8317e98620a47d5be7c3d8497678"
dependencies = [
 "derive_more-impl",
]

[[package]]
name = "derive_more-impl"
version = "2.0.1"
source = "registry+https://github.com/rust-lang/crates.io-index"
checksum = "bda628edc44c4bb645fbe0f758797143e4e07926f7ebf4e9bdfbd3d2ce621df3"
dependencies = [
 "proc-macro2",
 "quote",
 "syn 2.0.46",
 "unicode-xid",
]

[[package]]
name = "digest"
version = "0.10.7"
source = "registry+https://github.com/rust-lang/crates.io-index"
checksum = "9ed9a281f7bc9b7576e61468ba615a66a5c8cfdff42420a70aa82701a3b1e292"
dependencies = [
 "block-buffer",
 "const-oid",
 "crypto-common",
 "subtle",
]

[[package]]
name = "dyn-clone"
version = "1.0.0"
source = "registry+https://github.com/rust-lang/crates.io-index"
checksum = "0da518043f6481364cd454be81dfe096cfd3f82daa1466f4946d24ea325b0941"

[[package]]
name = "ecdsa"
version = "0.16.8"
source = "registry+https://github.com/rust-lang/crates.io-index"
checksum = "a4b1e0c257a9e9f25f90ff76d7a68360ed497ee519c8e428d1825ef0000799d4"
dependencies = [
 "der",
 "digest",
 "elliptic-curve",
 "rfc6979",
 "signature",
]

[[package]]
name = "ed25519"
version = "2.2.0"
source = "registry+https://github.com/rust-lang/crates.io-index"
checksum = "be522bee13fa6d8059f4903a4084aa3bd50725e18150202f0238deb615cd6371"
dependencies = [
 "signature",
]

[[package]]
name = "ed25519-zebra"
version = "4.0.3"
source = "registry+https://github.com/rust-lang/crates.io-index"
checksum = "7d9ce6874da5d4415896cd45ffbc4d1cfc0c4f9c079427bd870742c30f2f65a9"
dependencies = [
 "curve25519-dalek",
 "ed25519",
 "hashbrown 0.14.0",
 "hex",
 "rand_core",
 "sha2",
 "zeroize",
]

[[package]]
name = "educe"
version = "0.6.0"
source = "registry+https://github.com/rust-lang/crates.io-index"
checksum = "1d7bc049e1bd8cdeb31b68bbd586a9464ecf9f3944af3958a7a9d0f8b9799417"
dependencies = [
 "enum-ordinalize",
 "proc-macro2",
 "quote",
 "syn 2.0.46",
]

[[package]]
name = "either"
version = "1.0.0"
source = "registry+https://github.com/rust-lang/crates.io-index"
checksum = "5845bf77d497f79416df39462df26d4a8b71dd6440246848ee63709476dbb9a6"

[[package]]
name = "elliptic-curve"
version = "0.13.8"
source = "registry+https://github.com/rust-lang/crates.io-index"
checksum = "b5e6043086bf7973472e0c7dff2142ea0b680d30e18d9cc40f267efbf222bd47"
dependencies = [
 "base16ct",
 "crypto-bigint",
 "digest",
 "ff",
 "generic-array",
 "group",
 "rand_core",
 "sec1",
 "subtle",
 "zeroize",
]

[[package]]
name = "enum-ordinalize"
version = "4.2.1"
source = "registry+https://github.com/rust-lang/crates.io-index"
checksum = "6926bbe8b379bb3d8e9fb718a0496481531f338866666a848e6a02da99ffab79"
dependencies = [
 "enum-ordinalize-derive",
]

[[package]]
name = "enum-ordinalize-derive"
version = "4.2.6"
source = "registry+https://github.com/rust-lang/crates.io-index"
checksum = "2db7c1c42a2d894e6040d9847cd27954483b054d722e52b37aa01a7334737656"
dependencies = [
 "proc-macro2",
 "quote",
 "syn 2.0.46",
]

[[package]]
name = "ff"
version = "0.13.0"
source = "registry+https://github.com/rust-lang/crates.io-index"
checksum = "ded41244b729663b1e574f1b4fb731469f69f79c17667b5d776b16cda0479449"
dependencies = [
 "rand_core",
 "subtle",
]

[[package]]
name = "fiat-crypto"
version = "0.2.1"
source = "registry+https://github.com/rust-lang/crates.io-index"
checksum = "d0870c84016d4b481be5c9f323c24f65e31e901ae618f0e80f4308fb00de1d2d"

[[package]]
name = "fnv"
version = "1.0.0"
source = "registry+https://github.com/rust-lang/crates.io-index"
checksum = "23c5f769d0418837c08fc1fafc29a25baebe21b7eb4e3149db11c37a2019d74c"

[[package]]
name = "generic-array"
version = "0.14.6"
source = "registry+https://github.com/rust-lang/crates.io-index"
checksum = "bff49e947297f3312447abdca79f45f4738097cc82b06e72054d2223f601f1b9"
dependencies = [
 "typenum",
 "version_check",
 "zeroize",
]

[[package]]
name = "getrandom"
version = "0.2.0"
source = "registry+https://github.com/rust-lang/crates.io-index"
checksum = "ee8025cf36f917e6a52cce185b7c7177689b838b7ec138364e50cc2277a56cf4"
dependencies = [
 "cfg-if 0.1.2",
 "libc",
 "wasi",
]

[[package]]
name = "group"
version = "0.13.0"
source = "registry+https://github.com/rust-lang/crates.io-index"
checksum = "f0f9ef7462f7c099f518d754361858f86d8a07af53ba9af0fe635bbccb151a63"
dependencies = [
 "ff",
 "rand_core",
 "subtle",
]

[[package]]
name = "hashbrown"
version = "0.14.0"
source = "registry+https://github.com/rust-lang/crates.io-index"
checksum = "2c6201b9ff9fd90a5a3bac2e56a830d0caa509576f0e503818ee82c181b3437a"
dependencies = [
 "ahash",
 "allocator-api2",
]

[[package]]
name = "hashbrown"
version = "0.15.0"
source = "registry+https://github.com/rust-lang/crates.io-index"
checksum = "1e087f84d4f86bf4b218b927129862374b72199ae7d8657835f1e89000eea4fb"
dependencies = [
 "allocator-api2",
]

[[package]]
name = "hex"
version = "0.4.3"
source = "registry+https://github.com/rust-lang/crates.io-index"
checksum = "7f24254aa9a54b5c858eaee2f5bccdb46aaf0e486a595ed5fd8f86ba55232a70"

[[package]]
name = "hmac"
version = "0.12.0"
source = "registry+https://github.com/rust-lang/crates.io-index"
checksum = "ddca131f3e7f2ce2df364b57949a9d47915cfbd35e46cfee355ccebbf794d6a2"
dependencies = [
 "digest",
]

[[package]]
name = "ibc2"
version = "0.0.0"
dependencies = [
 "cosmwasm-schema",
 "cosmwasm-std",
 "schemars",
 "serde",
 "thiserror",
]

[[package]]
name = "itertools"
version = "0.13.0"
source = "registry+https://github.com/rust-lang/crates.io-index"
checksum = "413ee7dfc52ee1a4949ceeb7dbc8a33f2d6c088194d9f922fb8318faf1f01186"
dependencies = [
 "either",
]

[[package]]
name = "itoa"
version = "1.0.0"
source = "registry+https://github.com/rust-lang/crates.io-index"
checksum = "d2f3e61cf687687b30c9e6ddf0fc36cf15f035e66d491e6da968fa49ffa9a378"

[[package]]
name = "k256"
version = "0.13.3"
source = "registry+https://github.com/rust-lang/crates.io-index"
checksum = "956ff9b67e26e1a6a866cb758f12c6f8746208489e3e4a4b5580802f2f0a587b"
dependencies = [
 "cfg-if 1.0.0",
 "ecdsa",
 "elliptic-curve",
 "sha2",
]

[[package]]
name = "lazy_static"
version = "1.4.0"
source = "registry+https://github.com/rust-lang/crates.io-index"
checksum = "e2abad23fbc42b3700f2f279844dc832adb2b2eb069b2df918f455c4e18cc646"

[[package]]
name = "libc"
version = "0.2.95"
source = "registry+https://github.com/rust-lang/crates.io-index"
checksum = "789da6d93f1b866ffe175afc5322a4d76c038605a1c3319bb57b06967ca98a36"

[[package]]
name = "memchr"
version = "2.3.0"
source = "registry+https://github.com/rust-lang/crates.io-index"
checksum = "3197e20c7edb283f87c071ddfc7a2cca8f8e0b888c242959846a6fce03c72223"

[[package]]
name = "memoffset"
version = "0.6.1"
source = "registry+https://github.com/rust-lang/crates.io-index"
checksum = "157b4208e3059a8f9e78d559edc658e13df41410cb3ae03979c83130067fdd87"
dependencies = [
 "autocfg",
]

[[package]]
name = "num-bigint"
version = "0.4.2"
source = "registry+https://github.com/rust-lang/crates.io-index"
checksum = "74e768dff5fb39a41b3bcd30bb25cf989706c90d028d1ad71971987aa309d535"
dependencies = [
 "autocfg",
 "num-integer",
 "num-traits",
]

[[package]]
name = "num-integer"
version = "0.1.42"
source = "registry+https://github.com/rust-lang/crates.io-index"
checksum = "3f6ea62e9d81a77cd3ee9a2a5b9b609447857f3d358704331e4ef39eb247fcba"
dependencies = [
 "autocfg",
 "num-traits",
]

[[package]]
name = "num-traits"
version = "0.2.18"
source = "registry+https://github.com/rust-lang/crates.io-index"
checksum = "da0df0e5185db44f69b44f26786fe401b6c293d1907744beaa7fa62b2e5a517a"
dependencies = [
 "autocfg",
]

[[package]]
name = "once_cell"
version = "1.18.0"
source = "registry+https://github.com/rust-lang/crates.io-index"
checksum = "dd8b5dd2ae5ed71462c540258bedcb51965123ad7e7ccf4b9a8cafaa4a63576d"

[[package]]
name = "p256"
version = "0.13.2"
source = "registry+https://github.com/rust-lang/crates.io-index"
checksum = "c9863ad85fa8f4460f9c48cb909d38a0d689dba1f6f6988a5e3e0d31071bcd4b"
dependencies = [
 "ecdsa",
 "elliptic-curve",
 "primeorder",
 "sha2",
]

[[package]]
name = "paste"
version = "1.0.0"
source = "registry+https://github.com/rust-lang/crates.io-index"
checksum = "f6ddc8e145de01d9180ac7b78b9676f95a9c2447f6a88b2c2a04702211bc5d71"

[[package]]
name = "ppv-lite86"
version = "0.2.8"
source = "registry+https://github.com/rust-lang/crates.io-index"
checksum = "237a5ed80e274dbc66f86bd59c1e25edc039660be53194b5fe0a482e0f2612ea"

[[package]]
name = "primeorder"
version = "0.13.0"
source = "registry+https://github.com/rust-lang/crates.io-index"
checksum = "7613fdcc0831c10060fa69833ea8fa2caa94b6456f51e25356a885b530a2e3d0"
dependencies = [
 "elliptic-curve",
]

[[package]]
name = "proc-macro2"
version = "1.0.79"
source = "registry+https://github.com/rust-lang/crates.io-index"
checksum = "e835ff2298f5721608eb1a980ecaee1aef2c132bf95ecc026a11b7bf3c01c02e"
dependencies = [
 "unicode-ident",
]

[[package]]
name = "quote"
version = "1.0.35"
source = "registry+https://github.com/rust-lang/crates.io-index"
checksum = "291ec9ab5efd934aaf503a6466c5d5251535d108ee747472c3977cc5acc868ef"
dependencies = [
 "proc-macro2",
]

[[package]]
name = "rand"
version = "0.8.0"
source = "registry+https://github.com/rust-lang/crates.io-index"
checksum = "a76330fb486679b4ace3670f117bbc9e16204005c4bde9c4bd372f45bed34f12"
dependencies = [
 "rand_chacha",
 "rand_core",
 "rand_hc",
]

[[package]]
name = "rand_chacha"
version = "0.3.0"
source = "registry+https://github.com/rust-lang/crates.io-index"
checksum = "e12735cf05c9e10bf21534da50a147b924d555dc7a547c42e6bb2d5b6017ae0d"
dependencies = [
 "ppv-lite86",
 "rand_core",
]

[[package]]
name = "rand_core"
version = "0.6.4"
source = "registry+https://github.com/rust-lang/crates.io-index"
checksum = "ec0be4795e2f6a28069bec0b5ff3e2ac9bafc99e6a9a7dc3547996c5c816922c"
dependencies = [
 "getrandom",
]

[[package]]
name = "rand_hc"
version = "0.3.0"
source = "registry+https://github.com/rust-lang/crates.io-index"
checksum = "3190ef7066a446f2e7f42e239d161e905420ccab01eb967c9eb27d21b2322a73"
dependencies = [
 "rand_core",
]

[[package]]
name = "rayon"
version = "1.9.0"
source = "registry+https://github.com/rust-lang/crates.io-index"
checksum = "e4963ed1bc86e4f3ee217022bd855b297cef07fb9eac5dfa1f788b220b49b3bd"
dependencies = [
 "either",
 "rayon-core",
]

[[package]]
name = "rayon-core"
version = "1.12.1"
source = "registry+https://github.com/rust-lang/crates.io-index"
checksum = "1465873a3dfdaa8ae7cb14b4383657caab0b3e8a0aa9ae8e04b044854c8dfce2"
dependencies = [
 "crossbeam-deque",
 "crossbeam-utils",
]

[[package]]
name = "rfc6979"
version = "0.4.0"
source = "registry+https://github.com/rust-lang/crates.io-index"
checksum = "f8dd2a808d456c4a54e300a23e9f5a67e122c3024119acbfd73e3bf664491cb2"
dependencies = [
 "hmac",
 "subtle",
]

[[package]]
name = "rmp"
version = "0.8.14"
source = "registry+https://github.com/rust-lang/crates.io-index"
checksum = "228ed7c16fa39782c3b3468e974aec2795e9089153cd08ee2e9aefb3613334c4"
dependencies = [
 "byteorder",
 "num-traits",
 "paste",
]

[[package]]
name = "rmp-serde"
version = "1.3.0"
source = "registry+https://github.com/rust-lang/crates.io-index"
checksum = "52e599a477cf9840e92f2cde9a7189e67b42c57532749bf90aea6ec10facd4db"
dependencies = [
 "byteorder",
 "rmp",
 "serde",
]

[[package]]
name = "rustc_version"
version = "0.4.0"
source = "registry+https://github.com/rust-lang/crates.io-index"
checksum = "bfa0f585226d2e68097d4f95d113b15b83a82e819ab25717ec0590d9584ef366"
dependencies = [
 "semver",
]

[[package]]
name = "ryu"
version = "1.0.0"
source = "registry+https://github.com/rust-lang/crates.io-index"
checksum = "c92464b447c0ee8c4fb3824ecc8383b81717b9f1e74ba2e72540aef7b9f82997"

[[package]]
name = "schemars"
version = "0.8.4"
source = "registry+https://github.com/rust-lang/crates.io-index"
checksum = "885c12e31e1e1a44805b867da9176a3a710e0c9965aeff020db13cf82ee9dbe1"
dependencies = [
 "dyn-clone",
 "schemars_derive",
 "serde",
 "serde_json",
]

[[package]]
name = "schemars_derive"
version = "0.8.4"
source = "registry+https://github.com/rust-lang/crates.io-index"
checksum = "3dd851dbc056c0aaae2b164205b502572cf082274a877436f4546e1cf4211aad"
dependencies = [
 "proc-macro2",
 "quote",
 "serde_derive_internals",
 "syn 1.0.45",
]

[[package]]
name = "scopeguard"
version = "1.1.0"
source = "registry+https://github.com/rust-lang/crates.io-index"
checksum = "d29ab0c6d3fc0ee92fe66e2d99f700eab17a8d57d1c1d3b748380fb20baa78cd"

[[package]]
name = "sec1"
version = "0.7.1"
source = "registry+https://github.com/rust-lang/crates.io-index"
checksum = "48518a2b5775ba8ca5b46596aae011caa431e6ce7e4a67ead66d92f08884220e"
dependencies = [
 "base16ct",
 "der",
 "generic-array",
 "subtle",
 "zeroize",
]

[[package]]
name = "semver"
version = "1.0.0"
source = "registry+https://github.com/rust-lang/crates.io-index"
checksum = "76b5842e81eb9bbea19276a9dbbda22ac042532f390a67ab08b895617978abf3"

[[package]]
name = "serde"
version = "1.0.197"
source = "registry+https://github.com/rust-lang/crates.io-index"
checksum = "3fb1c873e1b9b056a4dc4c0c198b24c3ffa059243875552b2bd0933b1aee4ce2"
dependencies = [
 "serde_derive",
]

[[package]]
name = "serde_derive"
version = "1.0.197"
source = "registry+https://github.com/rust-lang/crates.io-index"
checksum = "7eb0b34b42edc17f6b7cac84a52a1c5f0e1bb2227e997ca9011ea3dd34e8610b"
dependencies = [
 "proc-macro2",
 "quote",
 "syn 2.0.46",
]

[[package]]
name = "serde_derive_internals"
version = "0.25.0"
source = "registry+https://github.com/rust-lang/crates.io-index"
checksum = "1dbab34ca63057a1f15280bdf3c39f2b1eb1b54c17e98360e511637aef7418c6"
dependencies = [
 "proc-macro2",
 "quote",
 "syn 1.0.45",
]

[[package]]
name = "serde_json"
version = "1.0.140"
source = "registry+https://github.com/rust-lang/crates.io-index"
checksum = "20068b6e96dc6c9bd23e01df8827e6c7e1f2fddd43c21810382803c136b99373"
dependencies = [
 "itoa",
 "memchr",
 "ryu",
 "serde",
]

[[package]]
name = "sha2"
version = "0.10.3"
source = "registry+https://github.com/rust-lang/crates.io-index"
checksum = "899bf02746a2c92bf1053d9327dadb252b01af1f81f90cdb902411f518bc7215"
dependencies = [
 "cfg-if 1.0.0",
 "cpufeatures",
 "digest",
]

[[package]]
name = "signature"
version = "2.0.0"
source = "registry+https://github.com/rust-lang/crates.io-index"
checksum = "8fe458c98333f9c8152221191a77e2a44e8325d0193484af2e9421a53019e57d"
dependencies = [
 "digest",
 "rand_core",
]

[[package]]
name = "static_assertions"
version = "1.1.0"
source = "registry+https://github.com/rust-lang/crates.io-index"
checksum = "a2eb9349b6444b326872e140eb1cf5e7c522154d69e7a0ffb0fb81c06b37543f"

[[package]]
name = "subtle"
version = "2.4.0"
source = "registry+https://github.com/rust-lang/crates.io-index"
checksum = "1e81da0851ada1f3e9d4312c704aa4f8806f0f9d69faaf8df2f3464b4a9437c2"

[[package]]
name = "syn"
version = "1.0.45"
source = "registry+https://github.com/rust-lang/crates.io-index"
checksum = "ea9c5432ff16d6152371f808fb5a871cd67368171b09bb21b43df8e4a47a3556"
dependencies = [
 "proc-macro2",
 "quote",
 "unicode-xid",
]

[[package]]
name = "syn"
version = "2.0.46"
source = "registry+https://github.com/rust-lang/crates.io-index"
checksum = "89456b690ff72fddcecf231caedbe615c59480c93358a93dfae7fc29e3ebbf0e"
dependencies = [
 "proc-macro2",
 "quote",
 "unicode-ident",
]

[[package]]
name = "synstructure"
version = "0.12.2"
source = "registry+https://github.com/rust-lang/crates.io-index"
checksum = "575be94ccb86e8da37efb894a87e2b660be299b41d8ef347f9d6d79fbe61b1ba"
dependencies = [
 "proc-macro2",
 "quote",
 "syn 1.0.45",
 "unicode-xid",
]

[[package]]
name = "thiserror"
version = "1.0.26"
source = "registry+https://github.com/rust-lang/crates.io-index"
checksum = "93119e4feac1cbe6c798c34d3a53ea0026b0b1de6a120deef895137c0529bfe2"
dependencies = [
 "thiserror-impl",
]

[[package]]
name = "thiserror-impl"
version = "1.0.26"
source = "registry+https://github.com/rust-lang/crates.io-index"
checksum = "060d69a0afe7796bf42e9e2ff91f5ee691fb15c53d38b4b62a9a53eb23164745"
dependencies = [
 "proc-macro2",
 "quote",
 "syn 1.0.45",
]

[[package]]
name = "typenum"
version = "1.14.0"
source = "registry+https://github.com/rust-lang/crates.io-index"
checksum = "b63708a265f51345575b27fe43f9500ad611579e764c79edbc2037b1121959ec"

[[package]]
name = "unicode-ident"
version = "1.0.0"
source = "registry+https://github.com/rust-lang/crates.io-index"
checksum = "d22af068fba1eb5edcb4aea19d382b2a3deb4c8f9d475c589b6ada9e0fd493ee"

[[package]]
name = "unicode-xid"
version = "0.2.2"
source = "registry+https://github.com/rust-lang/crates.io-index"
checksum = "8ccb82d61f80a663efe1f787a51b16b5a51e3314d6ac365b08639f52387b33f3"

[[package]]
name = "version_check"
version = "0.9.4"
source = "registry+https://github.com/rust-lang/crates.io-index"
checksum = "49874b5167b65d7193b8aba1567f5c7d93d001cafc34600cee003eda787e483f"

[[package]]
name = "wasi"
version = "0.9.0+wasi-snapshot-preview1"
source = "registry+https://github.com/rust-lang/crates.io-index"
checksum = "cccddf32554fecc6acb585f82a32a72e28b48f8c4c1883ddfeeeaa96f7d8e519"

[[package]]
name = "zerocopy"
version = "0.7.31"
source = "registry+https://github.com/rust-lang/crates.io-index"
checksum = "1c4061bedbb353041c12f413700357bec76df2c7e2ca8e4df8bac24c6bf68e3d"
dependencies = [
 "zerocopy-derive",
]

[[package]]
name = "zerocopy-derive"
version = "0.7.31"
source = "registry+https://github.com/rust-lang/crates.io-index"
checksum = "b3c129550b3e6de3fd0ba67ba5c81818f9805e58b8d7fee80a3a59d2c9fc601a"
dependencies = [
 "proc-macro2",
 "quote",
 "syn 2.0.46",
]

[[package]]
name = "zeroize"
version = "1.7.0"
source = "registry+https://github.com/rust-lang/crates.io-index"
checksum = "525b4ec142c6b68a2d10f01f7bbf6755599ca3f81ea53b8431b7dd348f5fdb2d"
dependencies = [
 "zeroize_derive",
]

[[package]]
name = "zeroize_derive"
version = "1.3.2"
source = "registry+https://github.com/rust-lang/crates.io-index"
checksum = "3f8f187641dad4f680d25c4bfc4225b418165984179f26ca76ec4fb6441d3a17"
dependencies = [
 "proc-macro2",
 "quote",
 "syn 1.0.45",
 "synstructure",
]
